<?xml version="1.0" encoding="utf-8"?>
<Project ToolsVersion="4.0" xmlns="http://schemas.microsoft.com/developer/msbuild/2003">
  <ItemGroup>
    <ClCompile Include="src/GraphicsScene.cpp" />
    <ClCompile Include="src/main.cpp" />
    <ClCompile Include="src/TouchEventDispatcher.cpp" />
    <ClCompile Include="src/TouchInput.cpp" />
    <ClCompile Include="src/Window.cpp" />
    <ClCompile Include="src/MainScene.cpp">
      <Filter>Scenes</Filter>
    </ClCompile>
    <ClCompile Include="src/SamplingScene.cpp">
      <Filter>Scenes</Filter>
    </ClCompile>
    <ClCompile Include="src/SceneManager.cpp" />
    <ClCompile Include="src/Application.cpp" />
    <ClCompile Include="src/SineWaveAnimation.cpp">
      <Filter>GraphicObjects\Animated</Filter>
    </ClCompile>
    <ClCompile Include="src/WavefunctionAnimation.cpp">
      <Filter>GraphicObjects\Animated</Filter>
    </ClCompile>
    <ClCompile Include="src/Button.cpp">
      <Filter>GraphicObjects\Controls</Filter>
    </ClCompile>
    <ClCompile Include="src/ImageButton.cpp">
      <Filter>GraphicObjects\Controls</Filter>
    </ClCompile>
    <ClCompile Include="src/Text.cpp">
      <Filter>GraphicObjects\Controls</Filter>
    </ClCompile>
    <ClCompile Include="src/XYPlot.cpp">
      <Filter>GraphicObjects\Controls</Filter>
    </ClCompile>
    <ClCompile Include="src/PlotScene.cpp">
      <Filter>Scenes</Filter>
    </ClCompile>
    <ClCompile Include="src\CCDMeasure.cpp">
      <Filter>CCDMeasure</Filter>
    </ClCompile>
  </ItemGroup>
  <ItemGroup>
    <ClInclude Include="include/GraphicsObject.h" />
    <ClInclude Include="include/GraphicsScene.h" />
    <ClInclude Include="include/SDLException.h" />
    <ClInclude Include="include/TouchEnabledObject.h" />
    <ClInclude Include="include/TouchEventDispatcher.h" />
    <ClInclude Include="include/TouchInput.h" />
    <ClInclude Include="include/TouchInputException.h" />
    <ClInclude Include="include/TTFFontException.h" />
    <ClInclude Include="include/Window.h" />
    <ClInclude Include="include/MainScene.h">
      <Filter>Scenes</Filter>
    </ClInclude>
    <ClInclude Include="include/SamplingScene.h">
      <Filter>Scenes</Filter>
    </ClInclude>
    <ClInclude Include="include/SpaceGrid.h" />
    <ClInclude Include="include/InteractiveGraphicsObject.h" />
    <ClInclude Include="include/SceneManager.h" />
    <ClInclude Include="include/Application.h" />
    <ClInclude Include="include/IMGException.h" />
    <ClInclude Include="include/WavefunctionAnimation.h">
      <Filter>GraphicObjects\Animated</Filter>
    </ClInclude>
    <ClInclude Include="include/SineWaveAnimation.h">
      <Filter>GraphicObjects\Animated</Filter>
    </ClInclude>
    <ClInclude Include="include/Button.h">
      <Filter>GraphicObjects\Controls</Filter>
    </ClInclude>
    <ClInclude Include="include/ImageButton.h">
      <Filter>GraphicObjects\Controls</Filter>
    </ClInclude>
    <ClInclude Include="include/Text.h">
      <Filter>GraphicObjects\Controls</Filter>
    </ClInclude>
    <ClInclude Include="include/Color.h">
      <Filter>Wrappers</Filter>
    </ClInclude>
    <ClInclude Include="include/Point.h">
      <Filter>Wrappers</Filter>
    </ClInclude>
    <ClInclude Include="include/Rect.h">
      <Filter>Wrappers</Filter>
    </ClInclude>
    <ClInclude Include="include/Font.h">
      <Filter>Wrappers</Filter>
    </ClInclude>
    <ClInclude Include="include/TouchCPException.h" />
    <ClInclude Include="include/XiaolinWu.h">
      <Filter>Antialiasing</Filter>
    </ClInclude>
    <ClInclude Include="include/XYPlot.h">
      <Filter>GraphicObjects\Controls</Filter>
    </ClInclude>
    <ClInclude Include="include/PlotScene.h">
      <Filter>Scenes</Filter>
    </ClInclude>
    <ClInclude Include="include/optional.h" />
    <ClInclude Include="include/CCDMeasure.h">
      <Filter>CCDMeasure</Filter>
    </ClInclude>
    <ClInclude Include="include/CCDException.h">
      <Filter>CCDMeasure</Filter>
    </ClInclude>
  </ItemGroup>
  <ItemGroup>
    <Filter Include="Scenes">
      <UniqueIdentifier>{e19110a1-9036-44af-aed0-80b1909b2393}</UniqueIdentifier>
    </Filter>
    <Filter Include="GraphicObjects">
      <UniqueIdentifier>{4f281d02-6dcf-407a-a244-e3b350948caa}</UniqueIdentifier>
    </Filter>
    <Filter Include="GraphicObjects\Animated">
      <UniqueIdentifier>{8a9d4e30-4968-457a-adf4-d82e3b98142d}</UniqueIdentifier>
    </Filter>
    <Filter Include="GraphicObjects\Controls">
      <UniqueIdentifier>{ac05dcd2-db53-4ba5-bc37-b84629a03840}</UniqueIdentifier>
    </Filter>
    <Filter Include="Wrappers">
      <UniqueIdentifier>{b8956274-3698-44ac-8ba9-bdf88f719d5e}</UniqueIdentifier>
    </Filter>
    <Filter Include="Antialiasing">
      <UniqueIdentifier>{97ca02d9-7123-4580-bf5d-467e746c603e}</UniqueIdentifier>
    </Filter>
    <Filter Include="CCDMeasure">
      <UniqueIdentifier>{c922e1ca-9bb0-423d-9cbf-c177489938a0}</UniqueIdentifier>
    </Filter>
  </ItemGroup>
</Project>