<?xml version="1.0" encoding="utf-8"?>
<Project ToolsVersion="4.0" xmlns="http://schemas.microsoft.com/developer/msbuild/2003">
  <ItemGroup>
    <ClCompile Include="src/main.cpp" />
    <ClCompile Include="src/MainScene.cpp">
      <Filter>Scenes</Filter>
    </ClCompile>
    <ClCompile Include="src/SamplingScene.cpp">
      <Filter>Scenes</Filter>
    </ClCompile>
    <ClCompile Include="src/PlotScene.cpp">
      <Filter>Scenes</Filter>
    </ClCompile>
    <ClCompile Include="src\CCDMeasure.cpp">
      <Filter>CCDMeasure</Filter>
    </ClCompile>
    <ClCompile Include="src\Processing.cpp">
      <Filter>Processing</Filter>
    </ClCompile>
    <ClCompile Include="src\Config.cpp" />
    <ClCompile Include="src\SavitskyGolay.cpp">
      <Filter>Processing</Filter>
    </ClCompile>
    <ClCompile Include="src\test.cpp" />
  </ItemGroup>
  <ItemGroup>
    <ClInclude Include="include/MainScene.h">
      <Filter>Scenes</Filter>
    </ClInclude>
    <ClInclude Include="include/SamplingScene.h">
      <Filter>Scenes</Filter>
    </ClInclude>
    <ClInclude Include="include/PlotScene.h">
      <Filter>Scenes</Filter>
    </ClInclude>
    <ClInclude Include="include/CCDMeasure.h">
      <Filter>CCDMeasure</Filter>
    </ClInclude>
    <ClInclude Include="include/CCDException.h">
      <Filter>CCDMeasure</Filter>
    </ClInclude>
    <ClInclude Include="include\Processing.h">
      <Filter>Processing</Filter>
    </ClInclude>
    <ClInclude Include="include\Config.h" />
    <ClInclude Include="include\SavitskyGolay.h">
      <Filter>Processing</Filter>
    </ClInclude>
    <ClInclude Include="include\Matrix.h">
      <Filter>Processing</Filter>
    </ClInclude>
    <ClInclude Include="include\PolyFit.h">
      <Filter>Processing</Filter>
    </ClInclude>
  </ItemGroup>
  <ItemGroup>
    <Filter Include="Scenes">
      <UniqueIdentifier>{e19110a1-9036-44af-aed0-80b1909b2393}</UniqueIdentifier>
    </Filter>
    <Filter Include="CCDMeasure">
      <UniqueIdentifier>{c922e1ca-9bb0-423d-9cbf-c177489938a0}</UniqueIdentifier>
    </Filter>
    <Filter Include="Processing">
      <UniqueIdentifier>{0f284924-bcf1-426c-b002-1897d8d6c372}</UniqueIdentifier>
    </Filter>
  </ItemGroup>
</Project>